// !$*UTF8*$!
{
	archiveVersion = 1;
	classes = {
	};
	objectVersion = 55;
	objects = {

/* Begin PBXBuildFile section */
		041183982772FFD30048344E /* AppDelegate.swift in Sources */ = {isa = PBXBuildFile; fileRef = 041183972772FFD30048344E /* AppDelegate.swift */; };
		0411839A2772FFD30048344E /* SceneDelegate.swift in Sources */ = {isa = PBXBuildFile; fileRef = 041183992772FFD30048344E /* SceneDelegate.swift */; };
		0411839C2772FFD30048344E /* BaseViewController.swift in Sources */ = {isa = PBXBuildFile; fileRef = 0411839B2772FFD30048344E /* BaseViewController.swift */; };
		041183A12772FFD60048344E /* Assets.xcassets in Resources */ = {isa = PBXBuildFile; fileRef = 041183A02772FFD60048344E /* Assets.xcassets */; };
		041183A42772FFD60048344E /* LaunchScreen.storyboard in Resources */ = {isa = PBXBuildFile; fileRef = 041183A22772FFD60048344E /* LaunchScreen.storyboard */; };
		041183AC277300F10048344E /* ListViewController.swift in Sources */ = {isa = PBXBuildFile; fileRef = 041183AB277300F10048344E /* ListViewController.swift */; };
		041183B1277301960048344E /* SnapKit in Frameworks */ = {isa = PBXBuildFile; productRef = 041183B0277301960048344E /* SnapKit */; };
		041183B3277302660048344E /* ListView.swift in Sources */ = {isa = PBXBuildFile; fileRef = 041183B2277302660048344E /* ListView.swift */; };
		041183B52773026C0048344E /* ListViewModel.swift in Sources */ = {isa = PBXBuildFile; fileRef = 041183B42773026C0048344E /* ListViewModel.swift */; };
		041183BB277302BC0048344E /* APIService.swift in Sources */ = {isa = PBXBuildFile; fileRef = 041183BA277302BC0048344E /* APIService.swift */; };
		041183BD27730BC30048344E /* CollectionViewCell.swift in Sources */ = {isa = PBXBuildFile; fileRef = 041183BC27730BC30048344E /* CollectionViewCell.swift */; };
		041183BF27730BEE0048344E /* CollectionViewCellRepresentable.swift in Sources */ = {isa = PBXBuildFile; fileRef = 041183BE27730BEE0048344E /* CollectionViewCellRepresentable.swift */; };
		041183C1277350E50048344E /* TMDB.swift in Sources */ = {isa = PBXBuildFile; fileRef = 041183C0277350E50048344E /* TMDB.swift */; };
		041183C3277356310048344E /* APIContent.swift in Sources */ = {isa = PBXBuildFile; fileRef = 041183C2277356310048344E /* APIContent.swift */; };
/* End PBXBuildFile section */

/* Begin PBXFileReference section */
		041183942772FFD30048344E /* SSAC-SearchMovie.app */ = {isa = PBXFileReference; explicitFileType = wrapper.application; includeInIndex = 0; path = "SSAC-SearchMovie.app"; sourceTree = BUILT_PRODUCTS_DIR; };
		041183972772FFD30048344E /* AppDelegate.swift */ = {isa = PBXFileReference; lastKnownFileType = sourcecode.swift; path = AppDelegate.swift; sourceTree = "<group>"; };
		041183992772FFD30048344E /* SceneDelegate.swift */ = {isa = PBXFileReference; lastKnownFileType = sourcecode.swift; path = SceneDelegate.swift; sourceTree = "<group>"; };
		0411839B2772FFD30048344E /* BaseViewController.swift */ = {isa = PBXFileReference; lastKnownFileType = sourcecode.swift; path = BaseViewController.swift; sourceTree = "<group>"; };
		041183A02772FFD60048344E /* Assets.xcassets */ = {isa = PBXFileReference; lastKnownFileType = folder.assetcatalog; path = Assets.xcassets; sourceTree = "<group>"; };
		041183A32772FFD60048344E /* Base */ = {isa = PBXFileReference; lastKnownFileType = file.storyboard; name = Base; path = Base.lproj/LaunchScreen.storyboard; sourceTree = "<group>"; };
		041183A52772FFD60048344E /* Info.plist */ = {isa = PBXFileReference; lastKnownFileType = text.plist.xml; path = Info.plist; sourceTree = "<group>"; };
		041183AB277300F10048344E /* ListViewController.swift */ = {isa = PBXFileReference; lastKnownFileType = sourcecode.swift; path = ListViewController.swift; sourceTree = "<group>"; };
		041183B2277302660048344E /* ListView.swift */ = {isa = PBXFileReference; lastKnownFileType = sourcecode.swift; path = ListView.swift; sourceTree = "<group>"; };
		041183B42773026C0048344E /* ListViewModel.swift */ = {isa = PBXFileReference; lastKnownFileType = sourcecode.swift; path = ListViewModel.swift; sourceTree = "<group>"; };
		041183BA277302BC0048344E /* APIService.swift */ = {isa = PBXFileReference; lastKnownFileType = sourcecode.swift; path = APIService.swift; sourceTree = "<group>"; };
		041183BC27730BC30048344E /* CollectionViewCell.swift */ = {isa = PBXFileReference; lastKnownFileType = sourcecode.swift; path = CollectionViewCell.swift; sourceTree = "<group>"; };
		041183BE27730BEE0048344E /* CollectionViewCellRepresentable.swift */ = {isa = PBXFileReference; lastKnownFileType = sourcecode.swift; path = CollectionViewCellRepresentable.swift; sourceTree = "<group>"; };
		041183C0277350E50048344E /* TMDB.swift */ = {isa = PBXFileReference; lastKnownFileType = sourcecode.swift; path = TMDB.swift; sourceTree = "<group>"; };
		041183C2277356310048344E /* APIContent.swift */ = {isa = PBXFileReference; lastKnownFileType = sourcecode.swift; path = APIContent.swift; sourceTree = "<group>"; };
/* End PBXFileReference section */

/* Begin PBXFrameworksBuildPhase section */
		041183912772FFD30048344E /* Frameworks */ = {
			isa = PBXFrameworksBuildPhase;
			buildActionMask = 2147483647;
			files = (
				041183B1277301960048344E /* SnapKit in Frameworks */,
			);
			runOnlyForDeploymentPostprocessing = 0;
		};
/* End PBXFrameworksBuildPhase section */

/* Begin PBXGroup section */
		0411838B2772FFD30048344E = {
			isa = PBXGroup;
			children = (
				041183962772FFD30048344E /* SSAC-SearchMovie */,
				041183952772FFD30048344E /* Products */,
			);
			sourceTree = "<group>";
		};
		041183952772FFD30048344E /* Products */ = {
			isa = PBXGroup;
			children = (
				041183942772FFD30048344E /* SSAC-SearchMovie.app */,
			);
			name = Products;
			sourceTree = "<group>";
		};
		041183962772FFD30048344E /* SSAC-SearchMovie */ = {
			isa = PBXGroup;
			children = (
				041183972772FFD30048344E /* AppDelegate.swift */,
				041183992772FFD30048344E /* SceneDelegate.swift */,
				0411839B2772FFD30048344E /* BaseViewController.swift */,
				041183AB277300F10048344E /* ListViewController.swift */,
				041183B2277302660048344E /* ListView.swift */,
				041183B42773026C0048344E /* ListViewModel.swift */,
				041183BC27730BC30048344E /* CollectionViewCell.swift */,
				041183BE27730BEE0048344E /* CollectionViewCellRepresentable.swift */,
				041183BA277302BC0048344E /* APIService.swift */,
				041183C0277350E50048344E /* TMDB.swift */,
				041183C2277356310048344E /* APIContent.swift */,
				041183A02772FFD60048344E /* Assets.xcassets */,
				041183A22772FFD60048344E /* LaunchScreen.storyboard */,
				041183A52772FFD60048344E /* Info.plist */,
			);
			path = "SSAC-SearchMovie";
			sourceTree = "<group>";
		};
/* End PBXGroup section */

/* Begin PBXNativeTarget section */
		041183932772FFD30048344E /* SSAC-SearchMovie */ = {
			isa = PBXNativeTarget;
			buildConfigurationList = 041183A82772FFD60048344E /* Build configuration list for PBXNativeTarget "SSAC-SearchMovie" */;
			buildPhases = (
				041183902772FFD30048344E /* Sources */,
				041183912772FFD30048344E /* Frameworks */,
				041183922772FFD30048344E /* Resources */,
			);
			buildRules = (
			);
			dependencies = (
			);
			name = "SSAC-SearchMovie";
			packageProductDependencies = (
				041183B0277301960048344E /* SnapKit */,
			);
			productName = "SSAC-SearchMovie";
			productReference = 041183942772FFD30048344E /* SSAC-SearchMovie.app */;
			productType = "com.apple.product-type.application";
		};
/* End PBXNativeTarget section */

/* Begin PBXProject section */
		0411838C2772FFD30048344E /* Project object */ = {
			isa = PBXProject;
			attributes = {
				BuildIndependentTargetsInParallel = 1;
				LastSwiftUpdateCheck = 1300;
				LastUpgradeCheck = 1300;
				TargetAttributes = {
					041183932772FFD30048344E = {
						CreatedOnToolsVersion = 13.0;
					};
				};
			};
			buildConfigurationList = 0411838F2772FFD30048344E /* Build configuration list for PBXProject "SSAC-SearchMovie" */;
			compatibilityVersion = "Xcode 13.0";
			developmentRegion = en;
			hasScannedForEncodings = 0;
			knownRegions = (
				en,
				Base,
			);
			mainGroup = 0411838B2772FFD30048344E;
			packageReferences = (
				041183AF277301960048344E /* XCRemoteSwiftPackageReference "SnapKit" */,
			);
			productRefGroup = 041183952772FFD30048344E /* Products */;
			projectDirPath = "";
			projectRoot = "";
			targets = (
				041183932772FFD30048344E /* SSAC-SearchMovie */,
			);
		};
/* End PBXProject section */

/* Begin PBXResourcesBuildPhase section */
		041183922772FFD30048344E /* Resources */ = {
			isa = PBXResourcesBuildPhase;
			buildActionMask = 2147483647;
			files = (
				041183A42772FFD60048344E /* LaunchScreen.storyboard in Resources */,
				041183A12772FFD60048344E /* Assets.xcassets in Resources */,
			);
			runOnlyForDeploymentPostprocessing = 0;
		};
/* End PBXResourcesBuildPhase section */

/* Begin PBXSourcesBuildPhase section */
		041183902772FFD30048344E /* Sources */ = {
			isa = PBXSourcesBuildPhase;
			buildActionMask = 2147483647;
			files = (
				0411839C2772FFD30048344E /* BaseViewController.swift in Sources */,
				041183C1277350E50048344E /* TMDB.swift in Sources */,
				041183B3277302660048344E /* ListView.swift in Sources */,
				041183982772FFD30048344E /* AppDelegate.swift in Sources */,
				041183BB277302BC0048344E /* APIService.swift in Sources */,
				041183C3277356310048344E /* APIContent.swift in Sources */,
				041183B52773026C0048344E /* ListViewModel.swift in Sources */,
				041183AC277300F10048344E /* ListViewController.swift in Sources */,
				041183BD27730BC30048344E /* CollectionViewCell.swift in Sources */,
				0411839A2772FFD30048344E /* SceneDelegate.swift in Sources */,
				041183BF27730BEE0048344E /* CollectionViewCellRepresentable.swift in Sources */,
			);
			runOnlyForDeploymentPostprocessing = 0;
		};
/* End PBXSourcesBuildPhase section */

/* Begin PBXVariantGroup section */
		041183A22772FFD60048344E /* LaunchScreen.storyboard */ = {
			isa = PBXVariantGroup;
			children = (
				041183A32772FFD60048344E /* Base */,
			);
			name = LaunchScreen.storyboard;
			sourceTree = "<group>";
		};
/* End PBXVariantGroup section */

/* Begin XCBuildConfiguration section */
		041183A62772FFD60048344E /* Debug */ = {
			isa = XCBuildConfiguration;
			buildSettings = {
				ALWAYS_SEARCH_USER_PATHS = NO;
				CLANG_ANALYZER_NONNULL = YES;
				CLANG_ANALYZER_NUMBER_OBJECT_CONVERSION = YES_AGGRESSIVE;
				CLANG_CXX_LANGUAGE_STANDARD = "gnu++17";
				CLANG_CXX_LIBRARY = "libc++";
				CLANG_ENABLE_MODULES = YES;
				CLANG_ENABLE_OBJC_ARC = YES;
				CLANG_ENABLE_OBJC_WEAK = YES;
				CLANG_WARN_BLOCK_CAPTURE_AUTORELEASING = YES;
				CLANG_WARN_BOOL_CONVERSION = YES;
				CLANG_WARN_COMMA = YES;
				CLANG_WARN_CONSTANT_CONVERSION = YES;
				CLANG_WARN_DEPRECATED_OBJC_IMPLEMENTATIONS = YES;
				CLANG_WARN_DIRECT_OBJC_ISA_USAGE = YES_ERROR;
				CLANG_WARN_DOCUMENTATION_COMMENTS = YES;
				CLANG_WARN_EMPTY_BODY = YES;
				CLANG_WARN_ENUM_CONVERSION = YES;
				CLANG_WARN_INFINITE_RECURSION = YES;
				CLANG_WARN_INT_CONVERSION = YES;
				CLANG_WARN_NON_LITERAL_NULL_CONVERSION = YES;
				CLANG_WARN_OBJC_IMPLICIT_RETAIN_SELF = YES;
				CLANG_WARN_OBJC_LITERAL_CONVERSION = YES;
				CLANG_WARN_OBJC_ROOT_CLASS = YES_ERROR;
				CLANG_WARN_QUOTED_INCLUDE_IN_FRAMEWORK_HEADER = YES;
				CLANG_WARN_RANGE_LOOP_ANALYSIS = YES;
				CLANG_WARN_STRICT_PROTOTYPES = YES;
				CLANG_WARN_SUSPICIOUS_MOVE = YES;
				CLANG_WARN_UNGUARDED_AVAILABILITY = YES_AGGRESSIVE;
				CLANG_WARN_UNREACHABLE_CODE = YES;
				CLANG_WARN__DUPLICATE_METHOD_MATCH = YES;
				COPY_PHASE_STRIP = NO;
				DEBUG_INFORMATION_FORMAT = dwarf;
				ENABLE_STRICT_OBJC_MSGSEND = YES;
				ENABLE_TESTABILITY = YES;
				GCC_C_LANGUAGE_STANDARD = gnu11;
				GCC_DYNAMIC_NO_PIC = NO;
				GCC_NO_COMMON_BLOCKS = YES;
				GCC_OPTIMIZATION_LEVEL = 0;
				GCC_PREPROCESSOR_DEFINITIONS = (
					"DEBUG=1",
					"$(inherited)",
				);
				GCC_WARN_64_TO_32_BIT_CONVERSION = YES;
				GCC_WARN_ABOUT_RETURN_TYPE = YES_ERROR;
				GCC_WARN_UNDECLARED_SELECTOR = YES;
				GCC_WARN_UNINITIALIZED_AUTOS = YES_AGGRESSIVE;
				GCC_WARN_UNUSED_FUNCTION = YES;
				GCC_WARN_UNUSED_VARIABLE = YES;
				IPHONEOS_DEPLOYMENT_TARGET = 15.0;
				MTL_ENABLE_DEBUG_INFO = INCLUDE_SOURCE;
				MTL_FAST_MATH = YES;
				ONLY_ACTIVE_ARCH = YES;
				SDKROOT = iphoneos;
				SWIFT_ACTIVE_COMPILATION_CONDITIONS = DEBUG;
				SWIFT_OPTIMIZATION_LEVEL = "-Onone";
			};
			name = Debug;
		};
		041183A72772FFD60048344E /* Release */ = {
			isa = XCBuildConfiguration;
			buildSettings = {
				ALWAYS_SEARCH_USER_PATHS = NO;
				CLANG_ANALYZER_NONNULL = YES;
				CLANG_ANALYZER_NUMBER_OBJECT_CONVERSION = YES_AGGRESSIVE;
				CLANG_CXX_LANGUAGE_STANDARD = "gnu++17";
				CLANG_CXX_LIBRARY = "libc++";
				CLANG_ENABLE_MODULES = YES;
				CLANG_ENABLE_OBJC_ARC = YES;
				CLANG_ENABLE_OBJC_WEAK = YES;
				CLANG_WARN_BLOCK_CAPTURE_AUTORELEASING = YES;
				CLANG_WARN_BOOL_CONVERSION = YES;
				CLANG_WARN_COMMA = YES;
				CLANG_WARN_CONSTANT_CONVERSION = YES;
				CLANG_WARN_DEPRECATED_OBJC_IMPLEMENTATIONS = YES;
				CLANG_WARN_DIRECT_OBJC_ISA_USAGE = YES_ERROR;
				CLANG_WARN_DOCUMENTATION_COMMENTS = YES;
				CLANG_WARN_EMPTY_BODY = YES;
				CLANG_WARN_ENUM_CONVERSION = YES;
				CLANG_WARN_INFINITE_RECURSION = YES;
				CLANG_WARN_INT_CONVERSION = YES;
				CLANG_WARN_NON_LITERAL_NULL_CONVERSION = YES;
				CLANG_WARN_OBJC_IMPLICIT_RETAIN_SELF = YES;
				CLANG_WARN_OBJC_LITERAL_CONVERSION = YES;
				CLANG_WARN_OBJC_ROOT_CLASS = YES_ERROR;
				CLANG_WARN_QUOTED_INCLUDE_IN_FRAMEWORK_HEADER = YES;
				CLANG_WARN_RANGE_LOOP_ANALYSIS = YES;
				CLANG_WARN_STRICT_PROTOTYPES = YES;
				CLANG_WARN_SUSPICIOUS_MOVE = YES;
				CLANG_WARN_UNGUARDED_AVAILABILITY = YES_AGGRESSIVE;
				CLANG_WARN_UNREACHABLE_CODE = YES;
				CLANG_WARN__DUPLICATE_METHOD_MATCH = YES;
				COPY_PHASE_STRIP = NO;
				DEBUG_INFORMATION_FORMAT = "dwarf-with-dsym";
				ENABLE_NS_ASSERTIONS = NO;
				ENABLE_STRICT_OBJC_MSGSEND = YES;
				GCC_C_LANGUAGE_STANDARD = gnu11;
				GCC_NO_COMMON_BLOCKS = YES;
				GCC_WARN_64_TO_32_BIT_CONVERSION = YES;
				GCC_WARN_ABOUT_RETURN_TYPE = YES_ERROR;
				GCC_WARN_UNDECLARED_SELECTOR = YES;
				GCC_WARN_UNINITIALIZED_AUTOS = YES_AGGRESSIVE;
				GCC_WARN_UNUSED_FUNCTION = YES;
				GCC_WARN_UNUSED_VARIABLE = YES;
				IPHONEOS_DEPLOYMENT_TARGET = 15.0;
				MTL_ENABLE_DEBUG_INFO = NO;
				MTL_FAST_MATH = YES;
				SDKROOT = iphoneos;
				SWIFT_COMPILATION_MODE = wholemodule;
				SWIFT_OPTIMIZATION_LEVEL = "-O";
				VALIDATE_PRODUCT = YES;
			};
			name = Release;
		};
		041183A92772FFD60048344E /* Debug */ = {
			isa = XCBuildConfiguration;
			buildSettings = {
				ASSETCATALOG_COMPILER_APPICON_NAME = AppIcon;
				ASSETCATALOG_COMPILER_GLOBAL_ACCENT_COLOR_NAME = AccentColor;
				CODE_SIGN_STYLE = Automatic;
				CURRENT_PROJECT_VERSION = 1;
				DEVELOPMENT_TEAM = 75QD4ZR23L;
				GENERATE_INFOPLIST_FILE = YES;
				INFOPLIST_FILE = "SSAC-SearchMovie/Info.plist";
				INFOPLIST_KEY_UIApplicationSupportsIndirectInputEvents = YES;
				INFOPLIST_KEY_UILaunchStoryboardName = LaunchScreen;
				INFOPLIST_KEY_UISupportedInterfaceOrientations_iPad = "UIInterfaceOrientationPortrait UIInterfaceOrientationPortraitUpsideDown UIInterfaceOrientationLandscapeLeft UIInterfaceOrientationLandscapeRight";
				INFOPLIST_KEY_UISupportedInterfaceOrientations_iPhone = "UIInterfaceOrientationPortrait UIInterfaceOrientationLandscapeLeft UIInterfaceOrientationLandscapeRight";
				LD_RUNPATH_SEARCH_PATHS = (
					"$(inherited)",
					"@executable_path/Frameworks",
				);
				MARKETING_VERSION = 1.0;
				PRODUCT_BUNDLE_IDENTIFIER = "com.ssac.SSAC-SearchMovie";
				PRODUCT_NAME = "$(TARGET_NAME)";
				SWIFT_EMIT_LOC_STRINGS = YES;
				SWIFT_VERSION = 5.0;
				TARGETED_DEVICE_FAMILY = 1;
			};
			name = Debug;
		};
		041183AA2772FFD60048344E /* Release */ = {
			isa = XCBuildConfiguration;
			buildSettings = {
				ASSETCATALOG_COMPILER_APPICON_NAME = AppIcon;
				ASSETCATALOG_COMPILER_GLOBAL_ACCENT_COLOR_NAME = AccentColor;
				CODE_SIGN_STYLE = Automatic;
				CURRENT_PROJECT_VERSION = 1;
				DEVELOPMENT_TEAM = 75QD4ZR23L;
				GENERATE_INFOPLIST_FILE = YES;
				INFOPLIST_FILE = "SSAC-SearchMovie/Info.plist";
				INFOPLIST_KEY_UIApplicationSupportsIndirectInputEvents = YES;
				INFOPLIST_KEY_UILaunchStoryboardName = LaunchScreen;
				INFOPLIST_KEY_UISupportedInterfaceOrientations_iPad = "UIInterfaceOrientationPortrait UIInterfaceOrientationPortraitUpsideDown UIInterfaceOrientationLandscapeLeft UIInterfaceOrientationLandscapeRight";
				INFOPLIST_KEY_UISupportedInterfaceOrientations_iPhone = "UIInterfaceOrientationPortrait UIInterfaceOrientationLandscapeLeft UIInterfaceOrientationLandscapeRight";
				LD_RUNPATH_SEARCH_PATHS = (
					"$(inherited)",
					"@executable_path/Frameworks",
				);
				MARKETING_VERSION = 1.0;
				PRODUCT_BUNDLE_IDENTIFIER = "com.ssac.SSAC-SearchMovie";
				PRODUCT_NAME = "$(TARGET_NAME)";
				SWIFT_EMIT_LOC_STRINGS = YES;
				SWIFT_VERSION = 5.0;
				TARGETED_DEVICE_FAMILY = 1;
			};
			name = Release;
		};
/* End XCBuildConfiguration section */

/* Begin XCConfigurationList section */
		0411838F2772FFD30048344E /* Build configuration list for PBXProject "SSAC-SearchMovie" */ = {
			isa = XCConfigurationList;
			buildConfigurations = (
				041183A62772FFD60048344E /* Debug */,
				041183A72772FFD60048344E /* Release */,
			);
			defaultConfigurationIsVisible = 0;
			defaultConfigurationName = Release;
		};
		041183A82772FFD60048344E /* Build configuration list for PBXNativeTarget "SSAC-SearchMovie" */ = {
			isa = XCConfigurationList;
			buildConfigurations = (
				041183A92772FFD60048344E /* Debug */,
				041183AA2772FFD60048344E /* Release */,
			);
			defaultConfigurationIsVisible = 0;
			defaultConfigurationName = Release;
		};
/* End XCConfigurationList section */

/* Begin XCRemoteSwiftPackageReference section */
		041183AF277301960048344E /* XCRemoteSwiftPackageReference "SnapKit" */ = {
			isa = XCRemoteSwiftPackageReference;
			repositoryURL = "https://github.com/SnapKit/SnapKit";
			requirement = {
				branch = develop;
				kind = branch;
			};
		};
/* End XCRemoteSwiftPackageReference section */

/* Begin XCSwiftPackageProductDependency section */
		041183B0277301960048344E /* SnapKit */ = {
			isa = XCSwiftPackageProductDependency;
			package = 041183AF277301960048344E /* XCRemoteSwiftPackageReference "SnapKit" */;
			productName = SnapKit;
		};
/* End XCSwiftPackageProductDependency section */
	};
	rootObject = 0411838C2772FFD30048344E /* Project object */;
}
